Microsoft Visual Studio Solution File, Format Version 12.00
# Visual Studio Version 17
VisualStudioVersion = 17.5.2.0
MinimumVisualStudioVersion = 10.0.40219.1
Project("{FAE04EC0-301F-11D3-BF4B-00C04F79EFBC}") = "desenroleApi", "desenroleApi.csproj", "{AAA1CC30-EF5D-023C-264A-E40EBF169533}"
EndProject
Global
	GlobalSection(SolutionConfigurationPlatforms) = preSolution
		Debug|Any CPU = Debug|Any CPU
		Release|Any CPU = Release|Any CPU
	EndGlobalSection
	GlobalSection(ProjectConfigurationPlatforms) = postSolution
		{AAA1CC30-EF5D-023C-264A-E40EBF169533}.Debug|Any CPU.ActiveCfg = Debug|Any CPU
		{AAA1CC30-EF5D-023C-264A-E40EBF169533}.Debug|Any CPU.Build.0 = Debug|Any CPU
		{AAA1CC30-EF5D-023C-264A-E40EBF169533}.Release|Any CPU.ActiveCfg = Release|Any CPU
		{AAA1CC30-EF5D-023C-264A-E40EBF169533}.Release|Any CPU.Build.0 = Release|Any CPU
	EndGlobalSection
	GlobalSection(SolutionProperties) = preSolution
		HideSolutionNode = FALSE
	EndGlobalSection
	GlobalSection(ExtensibilityGlobals) = postSolution
		SolutionGuid = {4C88554C-8EE6-4321-96BD-5A5ABB70F7BA}
	EndGlobalSection
EndGlobal
